// !$*UTF8*$!
{
	archiveVersion = 1;
	classes = {
	};
	objectVersion = 50;
	objects = {

/* Begin PBXBuildFile section */
		9EB6D02F24A6F112002F2537 /* AppDelegate.m in Sources */ = {isa = PBXBuildFile; fileRef = 9EB6D02E24A6F112002F2537 /* AppDelegate.m */; };
		9EB6D03224A6F112002F2537 /* SceneDelegate.m in Sources */ = {isa = PBXBuildFile; fileRef = 9EB6D03124A6F112002F2537 /* SceneDelegate.m */; };
		9EB6D03524A6F112002F2537 /* ViewController.m in Sources */ = {isa = PBXBuildFile; fileRef = 9EB6D03424A6F112002F2537 /* ViewController.m */; };
		9EB6D03824A6F112002F2537 /* Main.storyboard in Resources */ = {isa = PBXBuildFile; fileRef = 9EB6D03624A6F112002F2537 /* Main.storyboard */; };
		9EB6D03A24A6F114002F2537 /* Assets.xcassets in Resources */ = {isa = PBXBuildFile; fileRef = 9EB6D03924A6F114002F2537 /* Assets.xcassets */; };
		9EB6D03D24A6F114002F2537 /* LaunchScreen.storyboard in Resources */ = {isa = PBXBuildFile; fileRef = 9EB6D03B24A6F114002F2537 /* LaunchScreen.storyboard */; };
		9EB6D04024A6F114002F2537 /* main.m in Sources */ = {isa = PBXBuildFile; fileRef = 9EB6D03F24A6F114002F2537 /* main.m */; };
		9EB6D04A24A6F114002F2537 /* TipperTests.m in Sources */ = {isa = PBXBuildFile; fileRef = 9EB6D04924A6F114002F2537 /* TipperTests.m */; };
		9EB6D05524A6F114002F2537 /* TipperUITests.m in Sources */ = {isa = PBXBuildFile; fileRef = 9EB6D05424A6F114002F2537 /* TipperUITests.m */; };
/* End PBXBuildFile section */

/* Begin PBXContainerItemProxy section */
		9EB6D04624A6F114002F2537 /* PBXContainerItemProxy */ = {
			isa = PBXContainerItemProxy;
			containerPortal = 9EB6D02224A6F112002F2537 /* Project object */;
			proxyType = 1;
			remoteGlobalIDString = 9EB6D02924A6F112002F2537;
			remoteInfo = Tipper;
		};
		9EB6D05124A6F114002F2537 /* PBXContainerItemProxy */ = {
			isa = PBXContainerItemProxy;
			containerPortal = 9EB6D02224A6F112002F2537 /* Project object */;
			proxyType = 1;
			remoteGlobalIDString = 9EB6D02924A6F112002F2537;
			remoteInfo = Tipper;
		};
/* End PBXContainerItemProxy section */

/* Begin PBXFileReference section */
		9EB6D02A24A6F112002F2537 /* Tipper.app */ = {isa = PBXFileReference; explicitFileType = wrapper.application; includeInIndex = 0; path = Tipper.app; sourceTree = BUILT_PRODUCTS_DIR; };
		9EB6D02D24A6F112002F2537 /* AppDelegate.h */ = {isa = PBXFileReference; lastKnownFileType = sourcecode.c.h; path = AppDelegate.h; sourceTree = "<group>"; };
		9EB6D02E24A6F112002F2537 /* AppDelegate.m */ = {isa = PBXFileReference; lastKnownFileType = sourcecode.c.objc; path = AppDelegate.m; sourceTree = "<group>"; };
		9EB6D03024A6F112002F2537 /* SceneDelegate.h */ = {isa = PBXFileReference; lastKnownFileType = sourcecode.c.h; path = SceneDelegate.h; sourceTree = "<group>"; };
		9EB6D03124A6F112002F2537 /* SceneDelegate.m */ = {isa = PBXFileReference; lastKnownFileType = sourcecode.c.objc; path = SceneDelegate.m; sourceTree = "<group>"; };
		9EB6D03324A6F112002F2537 /* ViewController.h */ = {isa = PBXFileReference; lastKnownFileType = sourcecode.c.h; path = ViewController.h; sourceTree = "<group>"; };
		9EB6D03424A6F112002F2537 /* ViewController.m */ = {isa = PBXFileReference; lastKnownFileType = sourcecode.c.objc; path = ViewController.m; sourceTree = "<group>"; };
		9EB6D03724A6F112002F2537 /* Base */ = {isa = PBXFileReference; lastKnownFileType = file.storyboard; name = Base; path = Base.lproj/Main.storyboard; sourceTree = "<group>"; };
		9EB6D03924A6F114002F2537 /* Assets.xcassets */ = {isa = PBXFileReference; lastKnownFileType = folder.assetcatalog; path = Assets.xcassets; sourceTree = "<group>"; };
		9EB6D03C24A6F114002F2537 /* Base */ = {isa = PBXFileReference; lastKnownFileType = file.storyboard; name = Base; path = Base.lproj/LaunchScreen.storyboard; sourceTree = "<group>"; };
		9EB6D03E24A6F114002F2537 /* Info.plist */ = {isa = PBXFileReference; lastKnownFileType = text.plist.xml; path = Info.plist; sourceTree = "<group>"; };
		9EB6D03F24A6F114002F2537 /* main.m */ = {isa = PBXFileReference; lastKnownFileType = sourcecode.c.objc; path = main.m; sourceTree = "<group>"; };
		9EB6D04524A6F114002F2537 /* TipperTests.xctest */ = {isa = PBXFileReference; explicitFileType = wrapper.cfbundle; includeInIndex = 0; path = TipperTests.xctest; sourceTree = BUILT_PRODUCTS_DIR; };
		9EB6D04924A6F114002F2537 /* TipperTests.m */ = {isa = PBXFileReference; lastKnownFileType = sourcecode.c.objc; path = TipperTests.m; sourceTree = "<group>"; };
		9EB6D04B24A6F114002F2537 /* Info.plist */ = {isa = PBXFileReference; lastKnownFileType = text.plist.xml; path = Info.plist; sourceTree = "<group>"; };
		9EB6D05024A6F114002F2537 /* TipperUITests.xctest */ = {isa = PBXFileReference; explicitFileType = wrapper.cfbundle; includeInIndex = 0; path = TipperUITests.xctest; sourceTree = BUILT_PRODUCTS_DIR; };
		9EB6D05424A6F114002F2537 /* TipperUITests.m */ = {isa = PBXFileReference; lastKnownFileType = sourcecode.c.objc; path = TipperUITests.m; sourceTree = "<group>"; };
		9EB6D05624A6F114002F2537 /* Info.plist */ = {isa = PBXFileReference; lastKnownFileType = text.plist.xml; path = Info.plist; sourceTree = "<group>"; };
/* End PBXFileReference section */

/* Begin PBXFrameworksBuildPhase section */
		9EB6D02724A6F112002F2537 /* Frameworks */ = {
			isa = PBXFrameworksBuildPhase;
			buildActionMask = 2147483647;
			files = (
			);
			runOnlyForDeploymentPostprocessing = 0;
		};
		9EB6D04224A6F114002F2537 /* Frameworks */ = {
			isa = PBXFrameworksBuildPhase;
			buildActionMask = 2147483647;
			files = (
			);
			runOnlyForDeploymentPostprocessing = 0;
		};
		9EB6D04D24A6F114002F2537 /* Frameworks */ = {
			isa = PBXFrameworksBuildPhase;
			buildActionMask = 2147483647;
			files = (
			);
			runOnlyForDeploymentPostprocessing = 0;
		};
/* End PBXFrameworksBuildPhase section */

/* Begin PBXGroup section */
		9EB6D02124A6F112002F2537 = {
			isa = PBXGroup;
			children = (
				9EB6D02C24A6F112002F2537 /* Tipper */,
				9EB6D04824A6F114002F2537 /* TipperTests */,
				9EB6D05324A6F114002F2537 /* TipperUITests */,
				9EB6D02B24A6F112002F2537 /* Products */,
			);
			sourceTree = "<group>";
		};
		9EB6D02B24A6F112002F2537 /* Products */ = {
			isa = PBXGroup;
			children = (
				9EB6D02A24A6F112002F2537 /* Tipper.app */,
				9EB6D04524A6F114002F2537 /* TipperTests.xctest */,
				9EB6D05024A6F114002F2537 /* TipperUITests.xctest */,
			);
			name = Products;
			sourceTree = "<group>";
		};
		9EB6D02C24A6F112002F2537 /* Tipper */ = {
			isa = PBXGroup;
			children = (
				9EB6D02D24A6F112002F2537 /* AppDelegate.h */,
				9EB6D02E24A6F112002F2537 /* AppDelegate.m */,
				9EB6D03024A6F112002F2537 /* SceneDelegate.h */,
				9EB6D03124A6F112002F2537 /* SceneDelegate.m */,
				9EB6D03324A6F112002F2537 /* ViewController.h */,
				9EB6D03424A6F112002F2537 /* ViewController.m */,
				9EB6D03624A6F112002F2537 /* Main.storyboard */,
				9EB6D03924A6F114002F2537 /* Assets.xcassets */,
				9EB6D03B24A6F114002F2537 /* LaunchScreen.storyboard */,
				9EB6D03E24A6F114002F2537 /* Info.plist */,
				9EB6D03F24A6F114002F2537 /* main.m */,
			);
			path = Tipper;
			sourceTree = "<group>";
		};
		9EB6D04824A6F114002F2537 /* TipperTests */ = {
			isa = PBXGroup;
			children = (
				9EB6D04924A6F114002F2537 /* TipperTests.m */,
				9EB6D04B24A6F114002F2537 /* Info.plist */,
			);
			path = TipperTests;
			sourceTree = "<group>";
		};
		9EB6D05324A6F114002F2537 /* TipperUITests */ = {
			isa = PBXGroup;
			children = (
				9EB6D05424A6F114002F2537 /* TipperUITests.m */,
				9EB6D05624A6F114002F2537 /* Info.plist */,
			);
			path = TipperUITests;
			sourceTree = "<group>";
		};
/* End PBXGroup section */

/* Begin PBXNativeTarget section */
		9EB6D02924A6F112002F2537 /* Tipper */ = {
			isa = PBXNativeTarget;
			buildConfigurationList = 9EB6D05924A6F114002F2537 /* Build configuration list for PBXNativeTarget "Tipper" */;
			buildPhases = (
				9EB6D02624A6F112002F2537 /* Sources */,
				9EB6D02724A6F112002F2537 /* Frameworks */,
				9EB6D02824A6F112002F2537 /* Resources */,
			);
			buildRules = (
			);
			dependencies = (
			);
			name = Tipper;
			productName = Tipper;
			productReference = 9EB6D02A24A6F112002F2537 /* Tipper.app */;
			productType = "com.apple.product-type.application";
		};
		9EB6D04424A6F114002F2537 /* TipperTests */ = {
			isa = PBXNativeTarget;
			buildConfigurationList = 9EB6D05C24A6F114002F2537 /* Build configuration list for PBXNativeTarget "TipperTests" */;
			buildPhases = (
				9EB6D04124A6F114002F2537 /* Sources */,
				9EB6D04224A6F114002F2537 /* Frameworks */,
				9EB6D04324A6F114002F2537 /* Resources */,
			);
			buildRules = (
			);
			dependencies = (
				9EB6D04724A6F114002F2537 /* PBXTargetDependency */,
			);
			name = TipperTests;
			productName = TipperTests;
			productReference = 9EB6D04524A6F114002F2537 /* TipperTests.xctest */;
			productType = "com.apple.product-type.bundle.unit-test";
		};
		9EB6D04F24A6F114002F2537 /* TipperUITests */ = {
			isa = PBXNativeTarget;
			buildConfigurationList = 9EB6D05F24A6F114002F2537 /* Build configuration list for PBXNativeTarget "TipperUITests" */;
			buildPhases = (
				9EB6D04C24A6F114002F2537 /* Sources */,
				9EB6D04D24A6F114002F2537 /* Frameworks */,
				9EB6D04E24A6F114002F2537 /* Resources */,
			);
			buildRules = (
			);
			dependencies = (
				9EB6D05224A6F114002F2537 /* PBXTargetDependency */,
			);
			name = TipperUITests;
			productName = TipperUITests;
			productReference = 9EB6D05024A6F114002F2537 /* TipperUITests.xctest */;
			productType = "com.apple.product-type.bundle.ui-testing";
		};
/* End PBXNativeTarget section */

/* Begin PBXProject section */
		9EB6D02224A6F112002F2537 /* Project object */ = {
			isa = PBXProject;
			attributes = {
				LastUpgradeCheck = 1150;
				ORGANIZATIONNAME = fdadzie20;
				TargetAttributes = {
					9EB6D02924A6F112002F2537 = {
						CreatedOnToolsVersion = 11.5;
					};
					9EB6D04424A6F114002F2537 = {
						CreatedOnToolsVersion = 11.5;
						TestTargetID = 9EB6D02924A6F112002F2537;
					};
					9EB6D04F24A6F114002F2537 = {
						CreatedOnToolsVersion = 11.5;
						TestTargetID = 9EB6D02924A6F112002F2537;
					};
				};
			};
			buildConfigurationList = 9EB6D02524A6F112002F2537 /* Build configuration list for PBXProject "Tipper" */;
			compatibilityVersion = "Xcode 9.3";
			developmentRegion = en;
			hasScannedForEncodings = 0;
			knownRegions = (
				en,
				Base,
			);
			mainGroup = 9EB6D02124A6F112002F2537;
			productRefGroup = 9EB6D02B24A6F112002F2537 /* Products */;
			projectDirPath = "";
			projectRoot = "";
			targets = (
				9EB6D02924A6F112002F2537 /* Tipper */,
				9EB6D04424A6F114002F2537 /* TipperTests */,
				9EB6D04F24A6F114002F2537 /* TipperUITests */,
			);
		};
/* End PBXProject section */

/* Begin PBXResourcesBuildPhase section */
		9EB6D02824A6F112002F2537 /* Resources */ = {
			isa = PBXResourcesBuildPhase;
			buildActionMask = 2147483647;
			files = (
				9EB6D03D24A6F114002F2537 /* LaunchScreen.storyboard in Resources */,
				9EB6D03A24A6F114002F2537 /* Assets.xcassets in Resources */,
				9EB6D03824A6F112002F2537 /* Main.storyboard in Resources */,
			);
			runOnlyForDeploymentPostprocessing = 0;
		};
		9EB6D04324A6F114002F2537 /* Resources */ = {
			isa = PBXResourcesBuildPhase;
			buildActionMask = 2147483647;
			files = (
			);
			runOnlyForDeploymentPostprocessing = 0;
		};
		9EB6D04E24A6F114002F2537 /* Resources */ = {
			isa = PBXResourcesBuildPhase;
			buildActionMask = 2147483647;
			files = (
			);
			runOnlyForDeploymentPostprocessing = 0;
		};
/* End PBXResourcesBuildPhase section */

/* Begin PBXSourcesBuildPhase section */
		9EB6D02624A6F112002F2537 /* Sources */ = {
			isa = PBXSourcesBuildPhase;
			buildActionMask = 2147483647;
			files = (
				9EB6D03524A6F112002F2537 /* ViewController.m in Sources */,
				9EB6D02F24A6F112002F2537 /* AppDelegate.m in Sources */,
				9EB6D04024A6F114002F2537 /* main.m in Sources */,
				9EB6D03224A6F112002F2537 /* SceneDelegate.m in Sources */,
			);
			runOnlyForDeploymentPostprocessing = 0;
		};
		9EB6D04124A6F114002F2537 /* Sources */ = {
			isa = PBXSourcesBuildPhase;
			buildActionMask = 2147483647;
			files = (
				9EB6D04A24A6F114002F2537 /* TipperTests.m in Sources */,
			);
			runOnlyForDeploymentPostprocessing = 0;
		};
		9EB6D04C24A6F114002F2537 /* Sources */ = {
			isa = PBXSourcesBuildPhase;
			buildActionMask = 2147483647;
			files = (
				9EB6D05524A6F114002F2537 /* TipperUITests.m in Sources */,
			);
			runOnlyForDeploymentPostprocessing = 0;
		};
/* End PBXSourcesBuildPhase section */

/* Begin PBXTargetDependency section */
		9EB6D04724A6F114002F2537 /* PBXTargetDependency */ = {
			isa = PBXTargetDependency;
			target = 9EB6D02924A6F112002F2537 /* Tipper */;
			targetProxy = 9EB6D04624A6F114002F2537 /* PBXContainerItemProxy */;
		};
		9EB6D05224A6F114002F2537 /* PBXTargetDependency */ = {
			isa = PBXTargetDependency;
			target = 9EB6D02924A6F112002F2537 /* Tipper */;
			targetProxy = 9EB6D05124A6F114002F2537 /* PBXContainerItemProxy */;
		};
/* End PBXTargetDependency section */

/* Begin PBXVariantGroup section */
		9EB6D03624A6F112002F2537 /* Main.storyboard */ = {
			isa = PBXVariantGroup;
			children = (
				9EB6D03724A6F112002F2537 /* Base */,
			);
			name = Main.storyboard;
			sourceTree = "<group>";
		};
		9EB6D03B24A6F114002F2537 /* LaunchScreen.storyboard */ = {
			isa = PBXVariantGroup;
			children = (
				9EB6D03C24A6F114002F2537 /* Base */,
			);
			name = LaunchScreen.storyboard;
			sourceTree = "<group>";
		};
/* End PBXVariantGroup section */

/* Begin XCBuildConfiguration section */
		9EB6D05724A6F114002F2537 /* Debug */ = {
			isa = XCBuildConfiguration;
			buildSettings = {
				ALWAYS_SEARCH_USER_PATHS = NO;
				CLANG_ANALYZER_NONNULL = YES;
				CLANG_ANALYZER_NUMBER_OBJECT_CONVERSION = YES_AGGRESSIVE;
				CLANG_CXX_LANGUAGE_STANDARD = "gnu++14";
				CLANG_CXX_LIBRARY = "libc++";
				CLANG_ENABLE_MODULES = YES;
				CLANG_ENABLE_OBJC_ARC = YES;
				CLANG_ENABLE_OBJC_WEAK = YES;
				CLANG_WARN_BLOCK_CAPTURE_AUTORELEASING = YES;
				CLANG_WARN_BOOL_CONVERSION = YES;
				CLANG_WARN_COMMA = YES;
				CLANG_WARN_CONSTANT_CONVERSION = YES;
				CLANG_WARN_DEPRECATED_OBJC_IMPLEMENTATIONS = YES;
				CLANG_WARN_DIRECT_OBJC_ISA_USAGE = YES_ERROR;
				CLANG_WARN_DOCUMENTATION_COMMENTS = YES;
				CLANG_WARN_EMPTY_BODY = YES;
				CLANG_WARN_ENUM_CONVERSION = YES;
				CLANG_WARN_INFINITE_RECURSION = YES;
				CLANG_WARN_INT_CONVERSION = YES;
				CLANG_WARN_NON_LITERAL_NULL_CONVERSION = YES;
				CLANG_WARN_OBJC_IMPLICIT_RETAIN_SELF = YES;
				CLANG_WARN_OBJC_LITERAL_CONVERSION = YES;
				CLANG_WARN_OBJC_ROOT_CLASS = YES_ERROR;
				CLANG_WARN_RANGE_LOOP_ANALYSIS = YES;
				CLANG_WARN_STRICT_PROTOTYPES = YES;
				CLANG_WARN_SUSPICIOUS_MOVE = YES;
				CLANG_WARN_UNGUARDED_AVAILABILITY = YES_AGGRESSIVE;
				CLANG_WARN_UNREACHABLE_CODE = YES;
				CLANG_WARN__DUPLICATE_METHOD_MATCH = YES;
				COPY_PHASE_STRIP = NO;
				DEBUG_INFORMATION_FORMAT = dwarf;
				ENABLE_STRICT_OBJC_MSGSEND = YES;
				ENABLE_TESTABILITY = YES;
				GCC_C_LANGUAGE_STANDARD = gnu11;
				GCC_DYNAMIC_NO_PIC = NO;
				GCC_NO_COMMON_BLOCKS = YES;
				GCC_OPTIMIZATION_LEVEL = 0;
				GCC_PREPROCESSOR_DEFINITIONS = (
					"DEBUG=1",
					"$(inherited)",
				);
				GCC_WARN_64_TO_32_BIT_CONVERSION = YES;
				GCC_WARN_ABOUT_RETURN_TYPE = YES_ERROR;
				GCC_WARN_UNDECLARED_SELECTOR = YES;
				GCC_WARN_UNINITIALIZED_AUTOS = YES_AGGRESSIVE;
				GCC_WARN_UNUSED_FUNCTION = YES;
				GCC_WARN_UNUSED_VARIABLE = YES;
				IPHONEOS_DEPLOYMENT_TARGET = 13.5;
				MTL_ENABLE_DEBUG_INFO = INCLUDE_SOURCE;
				MTL_FAST_MATH = YES;
				ONLY_ACTIVE_ARCH = YES;
				SDKROOT = iphoneos;
			};
			name = Debug;
		};
		9EB6D05824A6F114002F2537 /* Release */ = {
			isa = XCBuildConfiguration;
			buildSettings = {
				ALWAYS_SEARCH_USER_PATHS = NO;
				CLANG_ANALYZER_NONNULL = YES;
				CLANG_ANALYZER_NUMBER_OBJECT_CONVERSION = YES_AGGRESSIVE;
				CLANG_CXX_LANGUAGE_STANDARD = "gnu++14";
				CLANG_CXX_LIBRARY = "libc++";
				CLANG_ENABLE_MODULES = YES;
				CLANG_ENABLE_OBJC_ARC = YES;
				CLANG_ENABLE_OBJC_WEAK = YES;
				CLANG_WARN_BLOCK_CAPTURE_AUTORELEASING = YES;
				CLANG_WARN_BOOL_CONVERSION = YES;
				CLANG_WARN_COMMA = YES;
				CLANG_WARN_CONSTANT_CONVERSION = YES;
				CLANG_WARN_DEPRECATED_OBJC_IMPLEMENTATIONS = YES;
				CLANG_WARN_DIRECT_OBJC_ISA_USAGE = YES_ERROR;
				CLANG_WARN_DOCUMENTATION_COMMENTS = YES;
				CLANG_WARN_EMPTY_BODY = YES;
				CLANG_WARN_ENUM_CONVERSION = YES;
				CLANG_WARN_INFINITE_RECURSION = YES;
				CLANG_WARN_INT_CONVERSION = YES;
				CLANG_WARN_NON_LITERAL_NULL_CONVERSION = YES;
				CLANG_WARN_OBJC_IMPLICIT_RETAIN_SELF = YES;
				CLANG_WARN_OBJC_LITERAL_CONVERSION = YES;
				CLANG_WARN_OBJC_ROOT_CLASS = YES_ERROR;
				CLANG_WARN_RANGE_LOOP_ANALYSIS = YES;
				CLANG_WARN_STRICT_PROTOTYPES = YES;
				CLANG_WARN_SUSPICIOUS_MOVE = YES;
				CLANG_WARN_UNGUARDED_AVAILABILITY = YES_AGGRESSIVE;
				CLANG_WARN_UNREACHABLE_CODE = YES;
				CLANG_WARN__DUPLICATE_METHOD_MATCH = YES;
				COPY_PHASE_STRIP = NO;
				DEBUG_INFORMATION_FORMAT = "dwarf-with-dsym";
				ENABLE_NS_ASSERTIONS = NO;
				ENABLE_STRICT_OBJC_MSGSEND = YES;
				GCC_C_LANGUAGE_STANDARD = gnu11;
				GCC_NO_COMMON_BLOCKS = YES;
				GCC_WARN_64_TO_32_BIT_CONVERSION = YES;
				GCC_WARN_ABOUT_RETURN_TYPE = YES_ERROR;
				GCC_WARN_UNDECLARED_SELECTOR = YES;
				GCC_WARN_UNINITIALIZED_AUTOS = YES_AGGRESSIVE;
				GCC_WARN_UNUSED_FUNCTION = YES;
				GCC_WARN_UNUSED_VARIABLE = YES;
				IPHONEOS_DEPLOYMENT_TARGET = 13.5;
				MTL_ENABLE_DEBUG_INFO = NO;
				MTL_FAST_MATH = YES;
				SDKROOT = iphoneos;
				VALIDATE_PRODUCT = YES;
			};
			name = Release;
		};
		9EB6D05A24A6F114002F2537 /* Debug */ = {
			isa = XCBuildConfiguration;
			buildSettings = {
				ASSETCATALOG_COMPILER_APPICON_NAME = AppIcon;
				CODE_SIGN_STYLE = Automatic;
				DEVELOPMENT_TEAM = MKA7LRYDUL;
				INFOPLIST_FILE = Tipper/Info.plist;
				LD_RUNPATH_SEARCH_PATHS = (
					"$(inherited)",
					"@executable_path/Frameworks",
				);
				PRODUCT_BUNDLE_IDENTIFIER = com.codepath.Tipper;
				PRODUCT_NAME = "$(TARGET_NAME)";
				TARGETED_DEVICE_FAMILY = "1,2";
			};
			name = Debug;
		};
		9EB6D05B24A6F114002F2537 /* Release */ = {
			isa = XCBuildConfiguration;
			buildSettings = {
				ASSETCATALOG_COMPILER_APPICON_NAME = AppIcon;
				CODE_SIGN_STYLE = Automatic;
				DEVELOPMENT_TEAM = MKA7LRYDUL;
				INFOPLIST_FILE = Tipper/Info.plist;
				LD_RUNPATH_SEARCH_PATHS = (
					"$(inherited)",
					"@executable_path/Frameworks",
				);
				PRODUCT_BUNDLE_IDENTIFIER = com.codepath.Tipper;
				PRODUCT_NAME = "$(TARGET_NAME)";
				TARGETED_DEVICE_FAMILY = "1,2";
			};
			name = Release;
		};
		9EB6D05D24A6F114002F2537 /* Debug */ = {
			isa = XCBuildConfiguration;
			buildSettings = {
				BUNDLE_LOADER = "$(TEST_HOST)";
				CODE_SIGN_STYLE = Automatic;
				INFOPLIST_FILE = TipperTests/Info.plist;
				IPHONEOS_DEPLOYMENT_TARGET = 13.5;
				LD_RUNPATH_SEARCH_PATHS = (
					"$(inherited)",
					"@executable_path/Frameworks",
					"@loader_path/Frameworks",
				);
				PRODUCT_BUNDLE_IDENTIFIER = com.codepath.TipperTests;
				PRODUCT_NAME = "$(TARGET_NAME)";
				TARGETED_DEVICE_FAMILY = "1,2";
				TEST_HOST = "$(BUILT_PRODUCTS_DIR)/Tipper.app/Tipper";
			};
			name = Debug;
		};
		9EB6D05E24A6F114002F2537 /* Release */ = {
			isa = XCBuildConfiguration;
			buildSettings = {
				BUNDLE_LOADER = "$(TEST_HOST)";
				CODE_SIGN_STYLE = Automatic;
				INFOPLIST_FILE = TipperTests/Info.plist;
				IPHONEOS_DEPLOYMENT_TARGET = 13.5;
				LD_RUNPATH_SEARCH_PATHS = (
					"$(inherited)",
					"@executable_path/Frameworks",
					"@loader_path/Frameworks",
				);
				PRODUCT_BUNDLE_IDENTIFIER = com.codepath.TipperTests;
				PRODUCT_NAME = "$(TARGET_NAME)";
				TARGETED_DEVICE_FAMILY = "1,2";
				TEST_HOST = "$(BUILT_PRODUCTS_DIR)/Tipper.app/Tipper";
			};
			name = Release;
		};
		9EB6D06024A6F114002F2537 /* Debug */ = {
			isa = XCBuildConfiguration;
			buildSettings = {
				CODE_SIGN_STYLE = Automatic;
				INFOPLIST_FILE = TipperUITests/Info.plist;
				LD_RUNPATH_SEARCH_PATHS = (
					"$(inherited)",
					"@executable_path/Frameworks",
					"@loader_path/Frameworks",
				);
				PRODUCT_BUNDLE_IDENTIFIER = com.codepath.TipperUITests;
				PRODUCT_NAME = "$(TARGET_NAME)";
				TARGETED_DEVICE_FAMILY = "1,2";
				TEST_TARGET_NAME = Tipper;
			};
			name = Debug;
		};
		9EB6D06124A6F114002F2537 /* Release */ = {
			isa = XCBuildConfiguration;
			buildSettings = {
				CODE_SIGN_STYLE = Automatic;
				INFOPLIST_FILE = TipperUITests/Info.plist;
				LD_RUNPATH_SEARCH_PATHS = (
					"$(inherited)",
					"@executable_path/Frameworks",
					"@loader_path/Frameworks",
				);
				PRODUCT_BUNDLE_IDENTIFIER = com.codepath.TipperUITests;
				PRODUCT_NAME = "$(TARGET_NAME)";
				TARGETED_DEVICE_FAMILY = "1,2";
				TEST_TARGET_NAME = Tipper;
			};
			name = Release;
		};
/* End XCBuildConfiguration section */

/* Begin XCConfigurationList section */
		9EB6D02524A6F112002F2537 /* Build configuration list for PBXProject "Tipper" */ = {
			isa = XCConfigurationList;
			buildConfigurations = (
				9EB6D05724A6F114002F2537 /* Debug */,
				9EB6D05824A6F114002F2537 /* Release */,
			);
			defaultConfigurationIsVisible = 0;
			defaultConfigurationName = Release;
		};
		9EB6D05924A6F114002F2537 /* Build configuration list for PBXNativeTarget "Tipper" */ = {
			isa = XCConfigurationList;
			buildConfigurations = (
				9EB6D05A24A6F114002F2537 /* Debug */,
				9EB6D05B24A6F114002F2537 /* Release */,
			);
			defaultConfigurationIsVisible = 0;
			defaultConfigurationName = Release;
		};
		9EB6D05C24A6F114002F2537 /* Build configuration list for PBXNativeTarget "TipperTests" */ = {
			isa = XCConfigurationList;
			buildConfigurations = (
				9EB6D05D24A6F114002F2537 /* Debug */,
				9EB6D05E24A6F114002F2537 /* Release */,
			);
			defaultConfigurationIsVisible = 0;
			defaultConfigurationName = Release;
		};
		9EB6D05F24A6F114002F2537 /* Build configuration list for PBXNativeTarget "TipperUITests" */ = {
			isa = XCConfigurationList;
			buildConfigurations = (
				9EB6D06024A6F114002F2537 /* Debug */,
				9EB6D06124A6F114002F2537 /* Release */,
			);
			defaultConfigurationIsVisible = 0;
			defaultConfigurationName = Release;
		};
/* End XCConfigurationList section */
	};
	rootObject = 9EB6D02224A6F112002F2537 /* Project object */;
}
